
Microsoft Visual Studio Solution File, Format Version 12.00
# Visual Studio Version 17
VisualStudioVersion = 17.14.36121.58 d17.14
MinimumVisualStudioVersion = 10.0.40219.1
Project("{8BC9CEB8-8B4A-11D0-8D11-00A0C91BC942}") = "VD_MasterVS", "VD_MasterVS.vcxproj", "{4EE345E6-2381-4C4B-81F4-69C238BE9901}"
EndProject
Global
	GlobalSection(SolutionConfigurationPlatforms) = preSolution
		Debug|x64 = Debug|x64
		Debug|x86 = Debug|x86
		Release|x64 = Release|x64
		Release|x86 = Release|x86
	EndGlobalSection
	GlobalSection(ProjectConfigurationPlatforms) = postSolution
		{4EE345E6-2381-4C4B-81F4-69C238BE9901}.Debug|x64.ActiveCfg = Debug|x64
		{4EE345E6-2381-4C4B-81F4-69C238BE9901}.Debug|x64.Build.0 = Debug|x64
		{4EE345E6-2381-4C4B-81F4-69C238BE9901}.Debug|x86.ActiveCfg = Debug|Win32
		{4EE345E6-2381-4C4B-81F4-69C238BE9901}.Debug|x86.Build.0 = Debug|Win32
		{4EE345E6-2381-4C4B-81F4-69C238BE9901}.Release|x64.ActiveCfg = Release|x64
		{4EE345E6-2381-4C4B-81F4-69C238BE9901}.Release|x64.Build.0 = Release|x64
		{4EE345E6-2381-4C4B-81F4-69C238BE9901}.Release|x86.ActiveCfg = Release|Win32
		{4EE345E6-2381-4C4B-81F4-69C238BE9901}.Release|x86.Build.0 = Release|Win32
	EndGlobalSection
	GlobalSection(SolutionProperties) = preSolution
		HideSolutionNode = FALSE
	EndGlobalSection
	GlobalSection(ExtensibilityGlobals) = postSolution
		SolutionGuid = {D49655C1-A78B-4895-B1D1-7AC0B4122106}
	EndGlobalSection
EndGlobal
